
Microsoft Visual Studio Solution File, Format Version 12.00
Project("{FAE04EC0-301F-11D3-BF4B-00C04F79EFBC}") = "Engage.Dnn.Logging", "Engage.Dnn.Logging\Engage.Dnn.Logging.csproj", "{77BDE6C5-E9C7-4CE9-97C3-FD48BBEC1A29}"
EndProject
Project("{2150E333-8FDC-42A3-9474-1A3956D46DE8}") = "Solution Items", "Solution Items", "{7ED1AC3B-7D94-4DFC-9345-06A641EBCFC8}"
	ProjectSection(SolutionItems) = preProject
		stylecop.json = stylecop.json
		.editorconfig = .editorconfig
		.gitignore = .gitignore
		nuget.config = nuget.config
	EndProjectSection
EndProject
Global
	GlobalSection(SolutionConfigurationPlatforms) = preSolution
		Debug|Any CPU = Debug|Any CPU
		Release|Any CPU = Release|Any CPU
	EndGlobalSection
	GlobalSection(ProjectConfigurationPlatforms) = postSolution
		{77BDE6C5-E9C7-4CE9-97C3-FD48BBEC1A29}.Debug|Any CPU.ActiveCfg = Debug|Any CPU
		{77BDE6C5-E9C7-4CE9-97C3-FD48BBEC1A29}.Debug|Any CPU.Build.0 = Debug|Any CPU
		{77BDE6C5-E9C7-4CE9-97C3-FD48BBEC1A29}.Release|Any CPU.ActiveCfg = Release|Any CPU
		{77BDE6C5-E9C7-4CE9-97C3-FD48BBEC1A29}.Release|Any CPU.Build.0 = Release|Any CPU
	EndGlobalSection
EndGlobal
